
Microsoft Visual Studio Solution File, Format Version 12.00
Project("{FAE04EC0-301F-11D3-BF4B-00C04F79EFBC}") = "Joutvhu.AspNet.FromJson", "Joutvhu.AspNet.FromJson\Joutvhu.AspNet.FromJson.csproj", "{CE85B997-A109-40FB-88BC-2043BA7E3EEC}"
EndProject
Global
	GlobalSection(SolutionConfigurationPlatforms) = preSolution
		Debug|Any CPU = Debug|Any CPU
		Release|Any CPU = Release|Any CPU
	EndGlobalSection
	GlobalSection(ProjectConfigurationPlatforms) = postSolution
		{CE85B997-A109-40FB-88BC-2043BA7E3EEC}.Debug|Any CPU.ActiveCfg = Debug|Any CPU
		{CE85B997-A109-40FB-88BC-2043BA7E3EEC}.Debug|Any CPU.Build.0 = Debug|Any CPU
		{CE85B997-A109-40FB-88BC-2043BA7E3EEC}.Release|Any CPU.ActiveCfg = Release|Any CPU
		{CE85B997-A109-40FB-88BC-2043BA7E3EEC}.Release|Any CPU.Build.0 = Release|Any CPU
	EndGlobalSection
EndGlobal
