
Microsoft Visual Studio Solution File, Format Version 12.00
Project("{FAE04EC0-301F-11D3-BF4B-00C04F79EFBC}") = "FormJson", "FormJson\FormJson.csproj", "{D8A99B9C-6312-45D1-BAD5-3121B3D225A0}"
EndProject
Global
	GlobalSection(SolutionConfigurationPlatforms) = preSolution
		Debug|Any CPU = Debug|Any CPU
		Release|Any CPU = Release|Any CPU
	EndGlobalSection
	GlobalSection(ProjectConfigurationPlatforms) = postSolution
		{D8A99B9C-6312-45D1-BAD5-3121B3D225A0}.Debug|Any CPU.ActiveCfg = Debug|Any CPU
		{D8A99B9C-6312-45D1-BAD5-3121B3D225A0}.Debug|Any CPU.Build.0 = Debug|Any CPU
		{D8A99B9C-6312-45D1-BAD5-3121B3D225A0}.Release|Any CPU.ActiveCfg = Release|Any CPU
		{D8A99B9C-6312-45D1-BAD5-3121B3D225A0}.Release|Any CPU.Build.0 = Release|Any CPU
	EndGlobalSection
EndGlobal
